
Microsoft Visual Studio Solution File, Format Version 12.00
# Visual Studio Version 16
VisualStudioVersion = 16.0.30717.126
MinimumVisualStudioVersion = 10.0.40219.1
Project("{FAE04EC0-301F-11D3-BF4B-00C04F79EFBC}") = "ImageComparison", "ImageComparison\ImageComparison.csproj", "{56C41420-F922-42F1-B90A-5CBE99C3534B}"
EndProject
Global
	GlobalSection(SolutionConfigurationPlatforms) = preSolution
		Debug|Any CPU = Debug|Any CPU
		Release|Any CPU = Release|Any CPU
	EndGlobalSection
	GlobalSection(ProjectConfigurationPlatforms) = postSolution
		{56C41420-F922-42F1-B90A-5CBE99C3534B}.Debug|Any CPU.ActiveCfg = Debug|Any CPU
		{56C41420-F922-42F1-B90A-5CBE99C3534B}.Debug|Any CPU.Build.0 = Debug|Any CPU
		{56C41420-F922-42F1-B90A-5CBE99C3534B}.Release|Any CPU.ActiveCfg = Release|Any CPU
		{56C41420-F922-42F1-B90A-5CBE99C3534B}.Release|Any CPU.Build.0 = Release|Any CPU
	EndGlobalSection
	GlobalSection(SolutionProperties) = preSolution
		HideSolutionNode = FALSE
	EndGlobalSection
	GlobalSection(ExtensibilityGlobals) = postSolution
		SolutionGuid = {5D40770A-9D25-47D7-BA80-BB9D353EF3D7}
	EndGlobalSection
EndGlobal
